
Microsoft Visual Studio Solution File, Format Version 12.00
# Visual Studio Version 16
VisualStudioVersion = 16.0.30320.27
MinimumVisualStudioVersion = 10.0.40219.1
Project("{FAE04EC0-301F-11D3-BF4B-00C04F79EFBC}") = "ECorp.Server", "ECorp.Server\ECorp.Server.csproj", "{2EB2F009-CBC4-4300-B66A-386F0BB5632D}"
EndProject
Project("{FAE04EC0-301F-11D3-BF4B-00C04F79EFBC}") = "ECorp.Client", "ECorp.Client\ECorp.Client.csproj", "{D0CDF58A-1359-4B85-BFE0-55335E2E06C6}"
EndProject
Project("{FAE04EC0-301F-11D3-BF4B-00C04F79EFBC}") = "ECorp.UI", "ECorp.UI\ECorp.UI.csproj", "{D3CF2BFA-AD02-4771-B25A-7EA8F0F21904}"
EndProject
Global
	GlobalSection(SolutionConfigurationPlatforms) = preSolution
		Debug|Any CPU = Debug|Any CPU
		Release|Any CPU = Release|Any CPU
	EndGlobalSection
	GlobalSection(ProjectConfigurationPlatforms) = postSolution
		{2EB2F009-CBC4-4300-B66A-386F0BB5632D}.Debug|Any CPU.ActiveCfg = Debug|Any CPU
		{2EB2F009-CBC4-4300-B66A-386F0BB5632D}.Debug|Any CPU.Build.0 = Debug|Any CPU
		{2EB2F009-CBC4-4300-B66A-386F0BB5632D}.Release|Any CPU.ActiveCfg = Release|Any CPU
		{2EB2F009-CBC4-4300-B66A-386F0BB5632D}.Release|Any CPU.Build.0 = Release|Any CPU
		{D0CDF58A-1359-4B85-BFE0-55335E2E06C6}.Debug|Any CPU.ActiveCfg = Debug|Any CPU
		{D0CDF58A-1359-4B85-BFE0-55335E2E06C6}.Debug|Any CPU.Build.0 = Debug|Any CPU
		{D0CDF58A-1359-4B85-BFE0-55335E2E06C6}.Release|Any CPU.ActiveCfg = Release|Any CPU
		{D0CDF58A-1359-4B85-BFE0-55335E2E06C6}.Release|Any CPU.Build.0 = Release|Any CPU
		{D3CF2BFA-AD02-4771-B25A-7EA8F0F21904}.Debug|Any CPU.ActiveCfg = Debug|Any CPU
		{D3CF2BFA-AD02-4771-B25A-7EA8F0F21904}.Debug|Any CPU.Build.0 = Debug|Any CPU
		{D3CF2BFA-AD02-4771-B25A-7EA8F0F21904}.Release|Any CPU.ActiveCfg = Release|Any CPU
		{D3CF2BFA-AD02-4771-B25A-7EA8F0F21904}.Release|Any CPU.Build.0 = Release|Any CPU
	EndGlobalSection
	GlobalSection(SolutionProperties) = preSolution
		HideSolutionNode = FALSE
	EndGlobalSection
	GlobalSection(ExtensibilityGlobals) = postSolution
		SolutionGuid = {269083CE-6911-4142-99EE-2F7A2FF3B12E}
	EndGlobalSection
EndGlobal
